
Microsoft Visual Studio Solution File, Format Version 12.00
# Visual Studio Version 17
VisualStudioVersion = 17.3.32929.385
MinimumVisualStudioVersion = 10.0.40219.1
Project("{FAE04EC0-301F-11D3-BF4B-00C04F79EFBC}") = "Personal Home Assistant", "Personal Home Assistant.csproj", "{2AC213C5-C09B-419A-A2C7-A59A9F28C608}"
EndProject
Global
	GlobalSection(SolutionConfigurationPlatforms) = preSolution
		Debug|Any CPU = Debug|Any CPU
		Release|Any CPU = Release|Any CPU
	EndGlobalSection
	GlobalSection(ProjectConfigurationPlatforms) = postSolution
		{2AC213C5-C09B-419A-A2C7-A59A9F28C608}.Debug|Any CPU.ActiveCfg = Debug|Any CPU
		{2AC213C5-C09B-419A-A2C7-A59A9F28C608}.Debug|Any CPU.Build.0 = Debug|Any CPU
		{2AC213C5-C09B-419A-A2C7-A59A9F28C608}.Release|Any CPU.ActiveCfg = Release|Any CPU
		{2AC213C5-C09B-419A-A2C7-A59A9F28C608}.Release|Any CPU.Build.0 = Release|Any CPU
	EndGlobalSection
	GlobalSection(SolutionProperties) = preSolution
		HideSolutionNode = FALSE
	EndGlobalSection
	GlobalSection(ExtensibilityGlobals) = postSolution
		SolutionGuid = {76A6C214-0717-42C7-B8F4-00EFE03B6EC3}
	EndGlobalSection
EndGlobal
